
Microsoft Visual Studio Solution File, Format Version 12.00
# Visual Studio Version 16
VisualStudioVersion = 16.0.32630.194
MinimumVisualStudioVersion = 10.0.40219.1
Project("{FAE04EC0-301F-11D3-BF4B-00C04F79EFBC}") = "TrabaComArquivos", "TrabaComArquivos\TrabaComArquivos.csproj", "{8FE82D6B-D1AB-4A63-816F-383941438229}"
EndProject
Global
	GlobalSection(SolutionConfigurationPlatforms) = preSolution
		Debug|Any CPU = Debug|Any CPU
		Release|Any CPU = Release|Any CPU
	EndGlobalSection
	GlobalSection(ProjectConfigurationPlatforms) = postSolution
		{8FE82D6B-D1AB-4A63-816F-383941438229}.Debug|Any CPU.ActiveCfg = Debug|Any CPU
		{8FE82D6B-D1AB-4A63-816F-383941438229}.Debug|Any CPU.Build.0 = Debug|Any CPU
		{8FE82D6B-D1AB-4A63-816F-383941438229}.Release|Any CPU.ActiveCfg = Release|Any CPU
		{8FE82D6B-D1AB-4A63-816F-383941438229}.Release|Any CPU.Build.0 = Release|Any CPU
	EndGlobalSection
	GlobalSection(SolutionProperties) = preSolution
		HideSolutionNode = FALSE
	EndGlobalSection
	GlobalSection(ExtensibilityGlobals) = postSolution
		SolutionGuid = {F9C20AE5-54D6-46BD-9761-31085779765C}
	EndGlobalSection
EndGlobal
